
Microsoft Visual Studio Solution File, Format Version 12.00
# Visual Studio Version 16
VisualStudioVersion = 16.0.32413.511
MinimumVisualStudioVersion = 10.0.40219.1
Project("{FAE04EC0-301F-11D3-BF4B-00C04F79EFBC}") = "Task1", "Task1\Task1.csproj", "{248CE778-4FFF-4AA6-B4CD-33C13246343C}"
EndProject
Project("{FAE04EC0-301F-11D3-BF4B-00C04F79EFBC}") = "Task2", "Task2\Task2.csproj", "{6DC2EE89-94DA-4BDE-A8BF-2E014EF878B2}"
EndProject
Project("{FAE04EC0-301F-11D3-BF4B-00C04F79EFBC}") = "Task3", "Task3\Task3.csproj", "{39BD3ED6-F4BA-4198-BCD1-5CDDE97E6125}"
EndProject
Project("{FAE04EC0-301F-11D3-BF4B-00C04F79EFBC}") = "Task4", "Task4\Task4.csproj", "{80C61EB5-CA7C-46A1-BE13-BCA5F079F127}"
EndProject
Global
	GlobalSection(SolutionConfigurationPlatforms) = preSolution
		Debug|Any CPU = Debug|Any CPU
		Release|Any CPU = Release|Any CPU
	EndGlobalSection
	GlobalSection(ProjectConfigurationPlatforms) = postSolution
		{248CE778-4FFF-4AA6-B4CD-33C13246343C}.Debug|Any CPU.ActiveCfg = Debug|Any CPU
		{248CE778-4FFF-4AA6-B4CD-33C13246343C}.Debug|Any CPU.Build.0 = Debug|Any CPU
		{248CE778-4FFF-4AA6-B4CD-33C13246343C}.Release|Any CPU.ActiveCfg = Release|Any CPU
		{248CE778-4FFF-4AA6-B4CD-33C13246343C}.Release|Any CPU.Build.0 = Release|Any CPU
		{6DC2EE89-94DA-4BDE-A8BF-2E014EF878B2}.Debug|Any CPU.ActiveCfg = Debug|Any CPU
		{6DC2EE89-94DA-4BDE-A8BF-2E014EF878B2}.Debug|Any CPU.Build.0 = Debug|Any CPU
		{6DC2EE89-94DA-4BDE-A8BF-2E014EF878B2}.Release|Any CPU.ActiveCfg = Release|Any CPU
		{6DC2EE89-94DA-4BDE-A8BF-2E014EF878B2}.Release|Any CPU.Build.0 = Release|Any CPU
		{39BD3ED6-F4BA-4198-BCD1-5CDDE97E6125}.Debug|Any CPU.ActiveCfg = Debug|Any CPU
		{39BD3ED6-F4BA-4198-BCD1-5CDDE97E6125}.Debug|Any CPU.Build.0 = Debug|Any CPU
		{39BD3ED6-F4BA-4198-BCD1-5CDDE97E6125}.Release|Any CPU.ActiveCfg = Release|Any CPU
		{39BD3ED6-F4BA-4198-BCD1-5CDDE97E6125}.Release|Any CPU.Build.0 = Release|Any CPU
		{80C61EB5-CA7C-46A1-BE13-BCA5F079F127}.Debug|Any CPU.ActiveCfg = Debug|Any CPU
		{80C61EB5-CA7C-46A1-BE13-BCA5F079F127}.Debug|Any CPU.Build.0 = Debug|Any CPU
		{80C61EB5-CA7C-46A1-BE13-BCA5F079F127}.Release|Any CPU.ActiveCfg = Release|Any CPU
		{80C61EB5-CA7C-46A1-BE13-BCA5F079F127}.Release|Any CPU.Build.0 = Release|Any CPU
	EndGlobalSection
	GlobalSection(SolutionProperties) = preSolution
		HideSolutionNode = FALSE
	EndGlobalSection
	GlobalSection(ExtensibilityGlobals) = postSolution
		SolutionGuid = {EA3D53C2-A8F8-4E40-AB5E-46A42E7C0766}
	EndGlobalSection
EndGlobal
